github.com/KKKZOZ/hugo-admonitions v0.11.1 h1:6czLu9Z+XL3J71lg0tEl8fpzK8fVy4IlGqRsG2Jec3o=
github.com/KKKZOZ/hugo-admonitions v0.11.1/go.mod h1:4PsJAsqo3mS3VzAtDLa8k0ds+CJQUWZhAo9kLi1NRlM=
github.com/hugomods/images v0.11.2 h1:d7u3c/ePboeOGx8OI5eUnilpA79YvD7KJjUgqVMR83Y=
github.com/hugomods/images v0.11.2/go.mod h1:U6Gwj16LKvk66rOMyGFrnF6f0aV8lT89lqOsckOAjYY=
github.com/hugomods/images v0.12.3 h1:FiHZnFgbxn4SpxdY8harOxhYKA8WhAgibJoHhIe9sdU=
github.com/hugomods/images v0.12.3/go.mod h1:U6Gwj16LKvk66rOMyGFrnF6f0aV8lT89lqOsckOAjYY=
